
Microsoft Visual Studio Solution File, Format Version 12.00
# Visual Studio Version 17
VisualStudioVersion = 17.3.32929.385
MinimumVisualStudioVersion = 10.0.40219.1
Project("{FAE04EC0-301F-11D3-BF4B-00C04F79EFBC}") = "Rapid.WebAPI", "Rapid.WebAPI\Rapid.WebAPI.csproj", "{E3DB30C7-FFF8-45AE-A2E2-B6B8428857BC}"
EndProject
Global
	GlobalSection(SolutionConfigurationPlatforms) = preSolution
		Debug|Any CPU = Debug|Any CPU
		Release|Any CPU = Release|Any CPU
	EndGlobalSection
	GlobalSection(ProjectConfigurationPlatforms) = postSolution
		{E3DB30C7-FFF8-45AE-A2E2-B6B8428857BC}.Debug|Any CPU.ActiveCfg = Debug|Any CPU
		{E3DB30C7-FFF8-45AE-A2E2-B6B8428857BC}.Debug|Any CPU.Build.0 = Debug|Any CPU
		{E3DB30C7-FFF8-45AE-A2E2-B6B8428857BC}.Release|Any CPU.ActiveCfg = Release|Any CPU
		{E3DB30C7-FFF8-45AE-A2E2-B6B8428857BC}.Release|Any CPU.Build.0 = Release|Any CPU
	EndGlobalSection
	GlobalSection(SolutionProperties) = preSolution
		HideSolutionNode = FALSE
	EndGlobalSection
	GlobalSection(ExtensibilityGlobals) = postSolution
		SolutionGuid = {1587F8D4-6B0C-409E-A136-23386C726037}
	EndGlobalSection
EndGlobal
