
Microsoft Visual Studio Solution File, Format Version 12.00
# Visual Studio Version 17
VisualStudioVersion = 17.3.32929.385
MinimumVisualStudioVersion = 10.0.40219.1
Project("{FAE04EC0-301F-11D3-BF4B-00C04F79EFBC}") = "Rapid.WebApp", "Rapid.WebApp\Rapid.WebApp.csproj", "{790DD714-BFB1-4644-BA72-3310E9CD56F1}"
EndProject
Global
	GlobalSection(SolutionConfigurationPlatforms) = preSolution
		Debug|Any CPU = Debug|Any CPU
		Release|Any CPU = Release|Any CPU
	EndGlobalSection
	GlobalSection(ProjectConfigurationPlatforms) = postSolution
		{790DD714-BFB1-4644-BA72-3310E9CD56F1}.Debug|Any CPU.ActiveCfg = Debug|Any CPU
		{790DD714-BFB1-4644-BA72-3310E9CD56F1}.Debug|Any CPU.Build.0 = Debug|Any CPU
		{790DD714-BFB1-4644-BA72-3310E9CD56F1}.Release|Any CPU.ActiveCfg = Release|Any CPU
		{790DD714-BFB1-4644-BA72-3310E9CD56F1}.Release|Any CPU.Build.0 = Release|Any CPU
	EndGlobalSection
	GlobalSection(SolutionProperties) = preSolution
		HideSolutionNode = FALSE
	EndGlobalSection
	GlobalSection(ExtensibilityGlobals) = postSolution
		SolutionGuid = {340B91CB-ED42-4EED-9930-AB3342D83410}
	EndGlobalSection
EndGlobal
